
Microsoft Visual Studio Solution File, Format Version 12.00
# Visual Studio Version 17
VisualStudioVersion = 17.4.33122.133
MinimumVisualStudioVersion = 10.0.40219.1
Project("{FAE04EC0-301F-11D3-BF4B-00C04F79EFBC}") = "niCalculator", "niCalculator\niCalculator.csproj", "{E2A4F5B1-01A6-4D23-8C74-A13C25193676}"
EndProject
Global
	GlobalSection(SolutionConfigurationPlatforms) = preSolution
		Debug|Any CPU = Debug|Any CPU
		Release|Any CPU = Release|Any CPU
	EndGlobalSection
	GlobalSection(ProjectConfigurationPlatforms) = postSolution
		{E2A4F5B1-01A6-4D23-8C74-A13C25193676}.Debug|Any CPU.ActiveCfg = Debug|Any CPU
		{E2A4F5B1-01A6-4D23-8C74-A13C25193676}.Debug|Any CPU.Build.0 = Debug|Any CPU
		{E2A4F5B1-01A6-4D23-8C74-A13C25193676}.Release|Any CPU.ActiveCfg = Release|Any CPU
		{E2A4F5B1-01A6-4D23-8C74-A13C25193676}.Release|Any CPU.Build.0 = Release|Any CPU
	EndGlobalSection
	GlobalSection(SolutionProperties) = preSolution
		HideSolutionNode = FALSE
	EndGlobalSection
	GlobalSection(ExtensibilityGlobals) = postSolution
		SolutionGuid = {BD14C5B0-2B65-4B9C-AA36-C98B27DF7851}
	EndGlobalSection
EndGlobal
